
Microsoft Visual Studio Solution File, Format Version 12.00
# Visual Studio Version 16
VisualStudioVersion = 16.0.31205.134
MinimumVisualStudioVersion = 10.0.40219.1
Project("{FAE04EC0-301F-11D3-BF4B-00C04F79EFBC}") = "HelloCSharp", "HelloCSharp\HelloCSharp.csproj", "{AB9FE451-D2F2-41BF-9F10-002FAEDFE904}"
EndProject
Global
	GlobalSection(SolutionConfigurationPlatforms) = preSolution
		Debug|Any CPU = Debug|Any CPU
		Release|Any CPU = Release|Any CPU
	EndGlobalSection
	GlobalSection(ProjectConfigurationPlatforms) = postSolution
		{AB9FE451-D2F2-41BF-9F10-002FAEDFE904}.Debug|Any CPU.ActiveCfg = Debug|Any CPU
		{AB9FE451-D2F2-41BF-9F10-002FAEDFE904}.Debug|Any CPU.Build.0 = Debug|Any CPU
		{AB9FE451-D2F2-41BF-9F10-002FAEDFE904}.Release|Any CPU.ActiveCfg = Release|Any CPU
		{AB9FE451-D2F2-41BF-9F10-002FAEDFE904}.Release|Any CPU.Build.0 = Release|Any CPU
	EndGlobalSection
	GlobalSection(SolutionProperties) = preSolution
		HideSolutionNode = FALSE
	EndGlobalSection
	GlobalSection(ExtensibilityGlobals) = postSolution
		SolutionGuid = {4BDACD98-2B3F-46A7-9226-2B864DAF7C8B}
	EndGlobalSection
EndGlobal
